{
    "_meta": {
        "hash": {
            "sha256": "b3c6e3749104fa8509d43699fc30697a07ce1b4602eeeb38d30b3ab55a4b4f7a"
        },
        "pipfile-spec": 6,
        "requires": {
            "python_version": "3.12"
        },
        "sources": [
            {
                "name": "pypi",
                "url": "https://pypi.org/simple",
                "verify_ssl": true
            }
        ]
    },
    "default": {
        "asgiref": {
            "hashes": [
                "sha256:89b2ef2247e3b562a16eef663bc0e2e703ec6468e2fa8a5cd61cd449786d4f6e",
                "sha256:9e0ce3aa93a819ba5b45120216b23878cf6e8525eb3848653452b4192b92afed"
            ],
            "markers": "python_version >= '3.7'",
            "version": "==3.7.2"
        },
        "django": {
            "hashes": [
                "sha256:6cb5dcea9e3d12c47834d32156b8841f533a4493c688e2718cafd51aa430ba6d",
                "sha256:d69d5e36cc5d9f4eb4872be36c622878afcdce94062716cf3e25bcedcb168b62"
            ],
            "index": "pypi",
            "markers": "python_version >= '3.8'",
            "version": "==4.2.8"
        },
        "django-tables2": {
            "hashes": [
                "sha256:4113fcc575eb438a12e83a4d4ea01452e4800d970e8bdd0e4122ac171af1900d",
                "sha256:99e06d966ca8ac69fd74092eb45c79a280dd5ca0ccb81395d96261f62128e1af"
            ],
            "index": "pypi",
            "version": "==2.7.0"
        },
        "sqlparse": {
            "hashes": [
                "sha256:5430a4fe2ac7d0f93e66f1efc6e1338a41884b7ddf2a350cedd20ccc4d9d28f3",
                "sha256:d446183e84b8349fa3061f0fe7f06ca94ba65b426946ffebe6e3e8295332420c"
            ],
            "markers": "python_version >= '3.5'",
            "version": "==0.4.4"
        }
    },
    "develop": {}
}
